{
  "name": "sixfour_music",
  "version": "1.0.0",
  "lockfileVersion": 1,
  "requires": true,
  "dependencies": {
    "moment": {
      "version": "2.29.3",
      "resolved": "https://registry.npmjs.org/moment/-/moment-2.29.3.tgz",
      "integrity": "sha512-c6YRvhEo//6T2Jz/vVtYzqBzwvPT95JBQ+smCytzf7c50oMZRsR/a4w88aD34I+/QVSfnoAnSBFPJHItlOMJVw=="
    },
    "pubsub-js": {
      "version": "1.9.0",
      "resolved": "https://registry.npmjs.org/pubsub-js/-/pubsub-js-1.9.0.tgz",
      "integrity": "sha512-bBGaOnAdkn3jhZC71mhjNB4mxQAOM99GTh/NoVuf/VXWUuQAZJGWIkEJlkXi0ACdKx3z65u5qilWaE5G4mMQOw=="
    }
  }
}
